Microsoft Visual Studio Solution File, Format Version 12.00
# Visual Studio Version 17
VisualStudioVersion = 17.8.34330.188
MinimumVisualStudioVersion = 10.0.40219.1
Project("{FAE04EC0-301F-11D3-BF4B-00C04F79EFBC}") = "AppsUsageCheck.Core", "src\AppsUsageCheck.Core\AppsUsageCheck.Core.csproj", "{9C5F4E1A-31B9-4FE2-BD3D-5A2A0A7AE2E1}"
EndProject
Project("{FAE04EC0-301F-11D3-BF4B-00C04F79EFBC}") = "AppsUsageCheck.Infrastructure", "src\AppsUsageCheck.Infrastructure\AppsUsageCheck.Infrastructure.csproj", "{611913B6-0E18-48C6-878A-3A4F5DDC27D5}"
EndProject
Project("{FAE04EC0-301F-11D3-BF4B-00C04F79EFBC}") = "AppsUsageCheck.App", "src\AppsUsageCheck.App\AppsUsageCheck.App.csproj", "{2F8C9B45-A772-4822-960A-D6A28A4C3DF7}"
EndProject
Project("{FAE04EC0-301F-11D3-BF4B-00C04F79EFBC}") = "AppsUsageCheck.Core.Tests", "tests\AppsUsageCheck.Core.Tests\AppsUsageCheck.Core.Tests.csproj", "{D83AC0C6-0A86-43E6-BCF9-5F1E7E3FA53D}"
EndProject
Global
	GlobalSection(SolutionConfigurationPlatforms) = preSolution
		Debug|Any CPU = Debug|Any CPU
		Release|Any CPU = Release|Any CPU
	EndGlobalSection
	GlobalSection(ProjectConfigurationPlatforms) = postSolution
		{9C5F4E1A-31B9-4FE2-BD3D-5A2A0A7AE2E1}.Debug|Any CPU.ActiveCfg = Debug|Any CPU
		{9C5F4E1A-31B9-4FE2-BD3D-5A2A0A7AE2E1}.Debug|Any CPU.Build.0 = Debug|Any CPU
		{9C5F4E1A-31B9-4FE2-BD3D-5A2A0A7AE2E1}.Release|Any CPU.ActiveCfg = Release|Any CPU
		{9C5F4E1A-31B9-4FE2-BD3D-5A2A0A7AE2E1}.Release|Any CPU.Build.0 = Release|Any CPU
		{611913B6-0E18-48C6-878A-3A4F5DDC27D5}.Debug|Any CPU.ActiveCfg = Debug|Any CPU
		{611913B6-0E18-48C6-878A-3A4F5DDC27D5}.Debug|Any CPU.Build.0 = Debug|Any CPU
		{611913B6-0E18-48C6-878A-3A4F5DDC27D5}.Release|Any CPU.ActiveCfg = Release|Any CPU
		{611913B6-0E18-48C6-878A-3A4F5DDC27D5}.Release|Any CPU.Build.0 = Release|Any CPU
		{2F8C9B45-A772-4822-960A-D6A28A4C3DF7}.Debug|Any CPU.ActiveCfg = Debug|Any CPU
		{2F8C9B45-A772-4822-960A-D6A28A4C3DF7}.Debug|Any CPU.Build.0 = Debug|Any CPU
		{2F8C9B45-A772-4822-960A-D6A28A4C3DF7}.Release|Any CPU.ActiveCfg = Release|Any CPU
		{2F8C9B45-A772-4822-960A-D6A28A4C3DF7}.Release|Any CPU.Build.0 = Release|Any CPU
		{D83AC0C6-0A86-43E6-BCF9-5F1E7E3FA53D}.Debug|Any CPU.ActiveCfg = Debug|Any CPU
		{D83AC0C6-0A86-43E6-BCF9-5F1E7E3FA53D}.Debug|Any CPU.Build.0 = Debug|Any CPU
		{D83AC0C6-0A86-43E6-BCF9-5F1E7E3FA53D}.Release|Any CPU.ActiveCfg = Release|Any CPU
		{D83AC0C6-0A86-43E6-BCF9-5F1E7E3FA53D}.Release|Any CPU.Build.0 = Release|Any CPU
	EndGlobalSection
	GlobalSection(SolutionProperties) = preSolution
		HideSolutionNode = FALSE
	EndGlobalSection
EndGlobal
